
Microsoft Visual Studio Solution File, Format Version 12.00
# Visual Studio Version 17
VisualStudioVersion = 17.11.35327.3
MinimumVisualStudioVersion = 10.0.40219.1
Project("{FAE04EC0-301F-11D3-BF4B-00C04F79EFBC}") = "Electrocost3", "Electrocost3.csproj", "{C2349D7F-CC6C-4D67-A31A-16239FEE7E64}"
EndProject
Global
	GlobalSection(SolutionConfigurationPlatforms) = preSolution
		Debug|Any CPU = Debug|Any CPU
		Release|Any CPU = Release|Any CPU
	EndGlobalSection
	GlobalSection(ProjectConfigurationPlatforms) = postSolution
		{C2349D7F-CC6C-4D67-A31A-16239FEE7E64}.Debug|Any CPU.ActiveCfg = Debug|Any CPU
		{C2349D7F-CC6C-4D67-A31A-16239FEE7E64}.Debug|Any CPU.Build.0 = Debug|Any CPU
		{C2349D7F-CC6C-4D67-A31A-16239FEE7E64}.Release|Any CPU.ActiveCfg = Release|Any CPU
		{C2349D7F-CC6C-4D67-A31A-16239FEE7E64}.Release|Any CPU.Build.0 = Release|Any CPU
	EndGlobalSection
	GlobalSection(SolutionProperties) = preSolution
		HideSolutionNode = FALSE
	EndGlobalSection
	GlobalSection(ExtensibilityGlobals) = postSolution
		SolutionGuid = {B07A1ACD-E4DC-4A3A-91E1-0BA1E8E15173}
	EndGlobalSection
EndGlobal
